
Microsoft Visual Studio Solution File, Format Version 12.00
# Visual Studio Version 17
VisualStudioVersion = 17.1.32319.34
MinimumVisualStudioVersion = 10.0.40219.1
Project("{FAE04EC0-301F-11D3-BF4B-00C04F79EFBC}") = "ArraySorting", "ArraySorting.csproj", "{5FD8ED23-C17E-43CF-A8A7-78FA97564971}"
EndProject
Global
	GlobalSection(SolutionConfigurationPlatforms) = preSolution
		Debug|Any CPU = Debug|Any CPU
		Release|Any CPU = Release|Any CPU
	EndGlobalSection
	GlobalSection(ProjectConfigurationPlatforms) = postSolution
		{5FD8ED23-C17E-43CF-A8A7-78FA97564971}.Debug|Any CPU.ActiveCfg = Debug|Any CPU
		{5FD8ED23-C17E-43CF-A8A7-78FA97564971}.Debug|Any CPU.Build.0 = Debug|Any CPU
		{5FD8ED23-C17E-43CF-A8A7-78FA97564971}.Release|Any CPU.ActiveCfg = Release|Any CPU
		{5FD8ED23-C17E-43CF-A8A7-78FA97564971}.Release|Any CPU.Build.0 = Release|Any CPU
	EndGlobalSection
	GlobalSection(SolutionProperties) = preSolution
		HideSolutionNode = FALSE
	EndGlobalSection
	GlobalSection(ExtensibilityGlobals) = postSolution
		SolutionGuid = {6A02DB5B-B01C-47FE-B2BF-EC6918065B0F}
	EndGlobalSection
EndGlobal
