
Microsoft Visual Studio Solution File, Format Version 12.00
# Visual Studio Version 17
VisualStudioVersion = 17.1.32319.34
MinimumVisualStudioVersion = 10.0.40219.1
Project("{FAE04EC0-301F-11D3-BF4B-00C04F79EFBC}") = "Empty_string", "Empty_string.csproj", "{C3D3E812-71FD-4417-84BE-DC80318A1F54}"
EndProject
Global
	GlobalSection(SolutionConfigurationPlatforms) = preSolution
		Debug|Any CPU = Debug|Any CPU
		Release|Any CPU = Release|Any CPU
	EndGlobalSection
	GlobalSection(ProjectConfigurationPlatforms) = postSolution
		{C3D3E812-71FD-4417-84BE-DC80318A1F54}.Debug|Any CPU.ActiveCfg = Debug|Any CPU
		{C3D3E812-71FD-4417-84BE-DC80318A1F54}.Debug|Any CPU.Build.0 = Debug|Any CPU
		{C3D3E812-71FD-4417-84BE-DC80318A1F54}.Release|Any CPU.ActiveCfg = Release|Any CPU
		{C3D3E812-71FD-4417-84BE-DC80318A1F54}.Release|Any CPU.Build.0 = Release|Any CPU
	EndGlobalSection
	GlobalSection(SolutionProperties) = preSolution
		HideSolutionNode = FALSE
	EndGlobalSection
	GlobalSection(ExtensibilityGlobals) = postSolution
		SolutionGuid = {9D151425-BDAA-49E9-8B7E-86369F6A2D31}
	EndGlobalSection
EndGlobal
