
Microsoft Visual Studio Solution File, Format Version 12.00
# Visual Studio Version 17
VisualStudioVersion = 17.1.32319.34
MinimumVisualStudioVersion = 10.0.40219.1
Project("{FAE04EC0-301F-11D3-BF4B-00C04F79EFBC}") = "DictionaryScoreboard", "DictionaryScoreboard.csproj", "{5962B439-C250-4B71-ADF9-022E791F5BF6}"
EndProject
Global
	GlobalSection(SolutionConfigurationPlatforms) = preSolution
		Debug|Any CPU = Debug|Any CPU
		Release|Any CPU = Release|Any CPU
	EndGlobalSection
	GlobalSection(ProjectConfigurationPlatforms) = postSolution
		{5962B439-C250-4B71-ADF9-022E791F5BF6}.Debug|Any CPU.ActiveCfg = Debug|Any CPU
		{5962B439-C250-4B71-ADF9-022E791F5BF6}.Debug|Any CPU.Build.0 = Debug|Any CPU
		{5962B439-C250-4B71-ADF9-022E791F5BF6}.Release|Any CPU.ActiveCfg = Release|Any CPU
		{5962B439-C250-4B71-ADF9-022E791F5BF6}.Release|Any CPU.Build.0 = Release|Any CPU
	EndGlobalSection
	GlobalSection(SolutionProperties) = preSolution
		HideSolutionNode = FALSE
	EndGlobalSection
	GlobalSection(ExtensibilityGlobals) = postSolution
		SolutionGuid = {FF3C6C68-DD30-47A7-9F58-3BF576F44618}
	EndGlobalSection
EndGlobal
