
Microsoft Visual Studio Solution File, Format Version 12.00
# Visual Studio Version 17
VisualStudioVersion = 17.1.32319.34
MinimumVisualStudioVersion = 10.0.40219.1
Project("{FAE04EC0-301F-11D3-BF4B-00C04F79EFBC}") = "While_loops", "While_loops.csproj", "{5BBA0F62-C234-4B6A-A556-559FE83165EC}"
EndProject
Global
	GlobalSection(SolutionConfigurationPlatforms) = preSolution
		Debug|Any CPU = Debug|Any CPU
		Release|Any CPU = Release|Any CPU
	EndGlobalSection
	GlobalSection(ProjectConfigurationPlatforms) = postSolution
		{5BBA0F62-C234-4B6A-A556-559FE83165EC}.Debug|Any CPU.ActiveCfg = Debug|Any CPU
		{5BBA0F62-C234-4B6A-A556-559FE83165EC}.Debug|Any CPU.Build.0 = Debug|Any CPU
		{5BBA0F62-C234-4B6A-A556-559FE83165EC}.Release|Any CPU.ActiveCfg = Release|Any CPU
		{5BBA0F62-C234-4B6A-A556-559FE83165EC}.Release|Any CPU.Build.0 = Release|Any CPU
	EndGlobalSection
	GlobalSection(SolutionProperties) = preSolution
		HideSolutionNode = FALSE
	EndGlobalSection
	GlobalSection(ExtensibilityGlobals) = postSolution
		SolutionGuid = {F77A8C2D-BDA0-4715-BBFD-98CA00A76519}
	EndGlobalSection
EndGlobal
