
Microsoft Visual Studio Solution File, Format Version 12.00
# Visual Studio Version 17
VisualStudioVersion = 17.1.32319.34
MinimumVisualStudioVersion = 10.0.40219.1
Project("{FAE04EC0-301F-11D3-BF4B-00C04F79EFBC}") = "ArrayShoppingList", "ArrayShoppingList.csproj", "{5669704E-717A-4BBC-BB9A-C152F1A11B4B}"
EndProject
Global
	GlobalSection(SolutionConfigurationPlatforms) = preSolution
		Debug|Any CPU = Debug|Any CPU
		Release|Any CPU = Release|Any CPU
	EndGlobalSection
	GlobalSection(ProjectConfigurationPlatforms) = postSolution
		{5669704E-717A-4BBC-BB9A-C152F1A11B4B}.Debug|Any CPU.ActiveCfg = Debug|Any CPU
		{5669704E-717A-4BBC-BB9A-C152F1A11B4B}.Debug|Any CPU.Build.0 = Debug|Any CPU
		{5669704E-717A-4BBC-BB9A-C152F1A11B4B}.Release|Any CPU.ActiveCfg = Release|Any CPU
		{5669704E-717A-4BBC-BB9A-C152F1A11B4B}.Release|Any CPU.Build.0 = Release|Any CPU
	EndGlobalSection
	GlobalSection(SolutionProperties) = preSolution
		HideSolutionNode = FALSE
	EndGlobalSection
	GlobalSection(ExtensibilityGlobals) = postSolution
		SolutionGuid = {8CE63005-4E75-4EDE-9CFA-D7FC2D6DBC9A}
	EndGlobalSection
EndGlobal
