
Microsoft Visual Studio Solution File, Format Version 12.00
# Visual Studio Version 17
VisualStudioVersion = 17.1.32319.34
MinimumVisualStudioVersion = 10.0.40219.1
Project("{FAE04EC0-301F-11D3-BF4B-00C04F79EFBC}") = "String_equals_function", "String_equals_function.csproj", "{90B22316-8910-4D7E-B68E-C77A8634CF78}"
EndProject
Global
	GlobalSection(SolutionConfigurationPlatforms) = preSolution
		Debug|Any CPU = Debug|Any CPU
		Release|Any CPU = Release|Any CPU
	EndGlobalSection
	GlobalSection(ProjectConfigurationPlatforms) = postSolution
		{90B22316-8910-4D7E-B68E-C77A8634CF78}.Debug|Any CPU.ActiveCfg = Debug|Any CPU
		{90B22316-8910-4D7E-B68E-C77A8634CF78}.Debug|Any CPU.Build.0 = Debug|Any CPU
		{90B22316-8910-4D7E-B68E-C77A8634CF78}.Release|Any CPU.ActiveCfg = Release|Any CPU
		{90B22316-8910-4D7E-B68E-C77A8634CF78}.Release|Any CPU.Build.0 = Release|Any CPU
	EndGlobalSection
	GlobalSection(SolutionProperties) = preSolution
		HideSolutionNode = FALSE
	EndGlobalSection
	GlobalSection(ExtensibilityGlobals) = postSolution
		SolutionGuid = {B6F20305-AABF-45F1-A3AA-7CB7EF7B35EA}
	EndGlobalSection
EndGlobal
