
Microsoft Visual Studio Solution File, Format Version 12.00
# Visual Studio Version 17
VisualStudioVersion = 17.1.32319.34
MinimumVisualStudioVersion = 10.0.40219.1
Project("{FAE04EC0-301F-11D3-BF4B-00C04F79EFBC}") = "EmployeesExercise", "EmployeesExercise.csproj", "{C563E0CF-FACD-4FCA-98C6-0C842480F126}"
EndProject
Global
	GlobalSection(SolutionConfigurationPlatforms) = preSolution
		Debug|Any CPU = Debug|Any CPU
		Release|Any CPU = Release|Any CPU
	EndGlobalSection
	GlobalSection(ProjectConfigurationPlatforms) = postSolution
		{C563E0CF-FACD-4FCA-98C6-0C842480F126}.Debug|Any CPU.ActiveCfg = Debug|Any CPU
		{C563E0CF-FACD-4FCA-98C6-0C842480F126}.Debug|Any CPU.Build.0 = Debug|Any CPU
		{C563E0CF-FACD-4FCA-98C6-0C842480F126}.Release|Any CPU.ActiveCfg = Release|Any CPU
		{C563E0CF-FACD-4FCA-98C6-0C842480F126}.Release|Any CPU.Build.0 = Release|Any CPU
	EndGlobalSection
	GlobalSection(SolutionProperties) = preSolution
		HideSolutionNode = FALSE
	EndGlobalSection
	GlobalSection(ExtensibilityGlobals) = postSolution
		SolutionGuid = {F7FCD981-C996-403E-B564-870E3BD09BB8}
	EndGlobalSection
EndGlobal
